<?xml version="1.0" encoding="UTF-8" standalone="yes" ?>
<CodeBlocks_project_file>
	<FileVersion major="1" minor="6" />
	<Project>
		<Option title="TestScrabbleWordSuggestor" />
		<Option pch_mode="2" />
		<Option compiler="gcc" />
		<Build>
			<Target title="Debug">
				<Option output="../Dependencies/Deliv/Debug/TestScrabbleWordSuggestor" prefix_auto="1" extension_auto="1" />
				<Option object_output="../Dependencies/Deliv/Debug/" />
				<Option type="1" />
				<Option compiler="gcc" />
				<Compiler>
					<Add option="-std=c++11" />
					<Add option="-g" />
					<Add directory="Dependencies/UnitTest++" />
				</Compiler>
				<Linker>
					<Add library="Dependencies\Deliv\Release\libUnitTest++.a" />
				</Linker>
			</Target>
			<Target title="Release">
				<Option output="../Dependencies/Deliv/Release/TestScrabbleWordSuggestor" prefix_auto="1" extension_auto="1" />
				<Option object_output="../Dependencies/Deliv/Release/" />
				<Option type="1" />
				<Option compiler="gcc" />
				<Compiler>
					<Add option="-O2" />
				</Compiler>
				<Linker>
					<Add option="-s" />
				</Linker>
			</Target>
		</Build>
		<Compiler>
			<Add option="-Wall" />
			<Add option="-fexceptions" />
		</Compiler>
		<Unit filename="ScrabbleWordSuggestor.cpp" />
		<Unit filename="ScrabbleWordSuggestor.h" />
		<Unit filename="TestScrabbleWordSuggestor.cpp" />
		<Unit filename="TestScrabbleWordSuggestorMain.cpp" />
		<Extensions>
			<envvars />
			<code_completion />
			<lib_finder disable_auto="1" />
			<debugger />
		</Extensions>
	</Project>
</CodeBlocks_project_file>
